{
  "object": {
    "pins": [
      {
        "package": "GMOpenSSL",
        "repositoryURL": "https://github.com/muzipiao/GMOpenSSL.git",
        "state": {
          "branch": "master",
          "revision": "ed111c93e607c7308635de00c9a17c6c714a70f6",
          "version": null
        }
      }
    ]
  },
  "version": 1
}
