// !$*UTF8*$!
{
	archiveVersion = 1;
	classes = {
	};
	objectVersion = 55;
	objects = {

/* Begin PBXBuildFile section */
		8869DDC052C1651017BC6E19 /* libPods-GMOpenSSL (OCDemo).a in Frameworks */ = {isa = PBXBuildFile; fileRef = 5305183F59D414E40A070CDA /* libPods-GMOpenSSL (OCDemo).a */; };
		9C159E372703ECE70023B704 /* AppDelegate.m in Sources */ = {isa = PBXBuildFile; fileRef = 9C159E362703ECE70023B704 /* AppDelegate.m */; };
		9C159E422703ECE80023B704 /* Assets.xcassets in Resources */ = {isa = PBXBuildFile; fileRef = 9C159E412703ECE80023B704 /* Assets.xcassets */; };
		9C159E452703ECE80023B704 /* LaunchScreen.storyboard in Resources */ = {isa = PBXBuildFile; fileRef = 9C159E432703ECE80023B704 /* LaunchScreen.storyboard */; };
		9C159E482703ECE80023B704 /* main.m in Sources */ = {isa = PBXBuildFile; fileRef = 9C159E472703ECE80023B704 /* main.m */; };
		9C159E502703EDB90023B704 /* GMViewController.m in Sources */ = {isa = PBXBuildFile; fileRef = 9C159E4E2703EDB90023B704 /* GMViewController.m */; };
/* End PBXBuildFile section */

/* Begin PBXCopyFilesBuildPhase section */
		9C159E602703F1670023B704 /* Embed Frameworks */ = {
			isa = PBXCopyFilesBuildPhase;
			buildActionMask = 2147483647;
			dstPath = "";
			dstSubfolderSpec = 10;
			files = (
			);
			name = "Embed Frameworks";
			runOnlyForDeploymentPostprocessing = 0;
		};
/* End PBXCopyFilesBuildPhase section */

/* Begin PBXFileReference section */
		2B488B0F93E49D05BC1291EA /* Pods-GMOpenSSL (OCDemo).debug.xcconfig */ = {isa = PBXFileReference; includeInIndex = 1; lastKnownFileType = text.xcconfig; name = "Pods-GMOpenSSL (OCDemo).debug.xcconfig"; path = "Target Support Files/Pods-GMOpenSSL (OCDemo)/Pods-GMOpenSSL (OCDemo).debug.xcconfig"; sourceTree = "<group>"; };
		5305183F59D414E40A070CDA /* libPods-GMOpenSSL (OCDemo).a */ = {isa = PBXFileReference; explicitFileType = archive.ar; includeInIndex = 0; path = "libPods-GMOpenSSL (OCDemo).a"; sourceTree = BUILT_PRODUCTS_DIR; };
		9C159E322703ECE70023B704 /* GMOpenSSL (OCDemo).app */ = {isa = PBXFileReference; explicitFileType = wrapper.application; includeInIndex = 0; path = "GMOpenSSL (OCDemo).app"; sourceTree = BUILT_PRODUCTS_DIR; };
		9C159E352703ECE70023B704 /* AppDelegate.h */ = {isa = PBXFileReference; lastKnownFileType = sourcecode.c.h; path = AppDelegate.h; sourceTree = "<group>"; };
		9C159E362703ECE70023B704 /* AppDelegate.m */ = {isa = PBXFileReference; lastKnownFileType = sourcecode.c.objc; path = AppDelegate.m; sourceTree = "<group>"; };
		9C159E412703ECE80023B704 /* Assets.xcassets */ = {isa = PBXFileReference; lastKnownFileType = folder.assetcatalog; path = Assets.xcassets; sourceTree = "<group>"; };
		9C159E442703ECE80023B704 /* Base */ = {isa = PBXFileReference; lastKnownFileType = file.storyboard; name = Base; path = Base.lproj/LaunchScreen.storyboard; sourceTree = "<group>"; };
		9C159E462703ECE80023B704 /* GMOpenSSLDemo-Info.plist */ = {isa = PBXFileReference; lastKnownFileType = text.plist.xml; path = "GMOpenSSLDemo-Info.plist"; sourceTree = "<group>"; };
		9C159E472703ECE80023B704 /* main.m */ = {isa = PBXFileReference; lastKnownFileType = sourcecode.c.objc; path = main.m; sourceTree = "<group>"; };
		9C159E4E2703EDB90023B704 /* GMViewController.m */ = {isa = PBXFileReference; fileEncoding = 4; lastKnownFileType = sourcecode.c.objc; path = GMViewController.m; sourceTree = "<group>"; };
		9C159E4F2703EDB90023B704 /* GMViewController.h */ = {isa = PBXFileReference; fileEncoding = 4; lastKnownFileType = sourcecode.c.h; path = GMViewController.h; sourceTree = "<group>"; };
		E7E6BD4508E4D1919063B996 /* Pods-GMOpenSSL (OCDemo).release.xcconfig */ = {isa = PBXFileReference; includeInIndex = 1; lastKnownFileType = text.xcconfig; name = "Pods-GMOpenSSL (OCDemo).release.xcconfig"; path = "Target Support Files/Pods-GMOpenSSL (OCDemo)/Pods-GMOpenSSL (OCDemo).release.xcconfig"; sourceTree = "<group>"; };
/* End PBXFileReference section */

/* Begin PBXFrameworksBuildPhase section */
		9C159E2F2703ECE70023B704 /* Frameworks */ = {
			isa = PBXFrameworksBuildPhase;
			buildActionMask = 2147483647;
			files = (
				8869DDC052C1651017BC6E19 /* libPods-GMOpenSSL (OCDemo).a in Frameworks */,
			);
			runOnlyForDeploymentPostprocessing = 0;
		};
/* End PBXFrameworksBuildPhase section */

/* Begin PBXGroup section */
		9C159E292703ECE70023B704 = {
			isa = PBXGroup;
			children = (
				9C159E342703ECE70023B704 /* GMOpenSSLDemo */,
				9C159E332703ECE70023B704 /* Products */,
				9C31B75C27040F5C00A91245 /* Frameworks */,
				C3D6EBDC9EA5039E2753156E /* Pods */,
			);
			sourceTree = "<group>";
		};
		9C159E332703ECE70023B704 /* Products */ = {
			isa = PBXGroup;
			children = (
				9C159E322703ECE70023B704 /* GMOpenSSL (OCDemo).app */,
			);
			name = Products;
			sourceTree = "<group>";
		};
		9C159E342703ECE70023B704 /* GMOpenSSLDemo */ = {
			isa = PBXGroup;
			children = (
				9C159E352703ECE70023B704 /* AppDelegate.h */,
				9C159E362703ECE70023B704 /* AppDelegate.m */,
				9C159E4F2703EDB90023B704 /* GMViewController.h */,
				9C159E4E2703EDB90023B704 /* GMViewController.m */,
				9C159E412703ECE80023B704 /* Assets.xcassets */,
				9C159E432703ECE80023B704 /* LaunchScreen.storyboard */,
				9C159E462703ECE80023B704 /* GMOpenSSLDemo-Info.plist */,
				9C159E472703ECE80023B704 /* main.m */,
			);
			path = GMOpenSSLDemo;
			sourceTree = "<group>";
		};
		9C31B75C27040F5C00A91245 /* Frameworks */ = {
			isa = PBXGroup;
			children = (
				5305183F59D414E40A070CDA /* libPods-GMOpenSSL (OCDemo).a */,
			);
			name = Frameworks;
			sourceTree = "<group>";
		};
		C3D6EBDC9EA5039E2753156E /* Pods */ = {
			isa = PBXGroup;
			children = (
				2B488B0F93E49D05BC1291EA /* Pods-GMOpenSSL (OCDemo).debug.xcconfig */,
				E7E6BD4508E4D1919063B996 /* Pods-GMOpenSSL (OCDemo).release.xcconfig */,
			);
			path = Pods;
			sourceTree = "<group>";
		};
/* End PBXGroup section */

/* Begin PBXNativeTarget section */
		9C159E312703ECE70023B704 /* GMOpenSSL (OCDemo) */ = {
			isa = PBXNativeTarget;
			buildConfigurationList = 9C159E4B2703ECE80023B704 /* Build configuration list for PBXNativeTarget "GMOpenSSL (OCDemo)" */;
			buildPhases = (
				225A473465936A1CF867BD0B /* [CP] Check Pods Manifest.lock */,
				9C159E2E2703ECE70023B704 /* Sources */,
				9C159E2F2703ECE70023B704 /* Frameworks */,
				9C159E302703ECE70023B704 /* Resources */,
				9C159E602703F1670023B704 /* Embed Frameworks */,
			);
			buildRules = (
			);
			dependencies = (
			);
			name = "GMOpenSSL (OCDemo)";
			productName = GMOpenSSL;
			productReference = 9C159E322703ECE70023B704 /* GMOpenSSL (OCDemo).app */;
			productType = "com.apple.product-type.application";
		};
/* End PBXNativeTarget section */

/* Begin PBXProject section */
		9C159E2A2703ECE70023B704 /* Project object */ = {
			isa = PBXProject;
			attributes = {
				BuildIndependentTargetsInParallel = 1;
				LastUpgradeCheck = 1300;
				TargetAttributes = {
					9C159E312703ECE70023B704 = {
						CreatedOnToolsVersion = 13.0;
					};
				};
			};
			buildConfigurationList = 9C159E2D2703ECE70023B704 /* Build configuration list for PBXProject "GMOpenSSL" */;
			compatibilityVersion = "Xcode 13.0";
			developmentRegion = en;
			hasScannedForEncodings = 0;
			knownRegions = (
				en,
				Base,
			);
			mainGroup = 9C159E292703ECE70023B704;
			productRefGroup = 9C159E332703ECE70023B704 /* Products */;
			projectDirPath = "";
			projectRoot = "";
			targets = (
				9C159E312703ECE70023B704 /* GMOpenSSL (OCDemo) */,
			);
		};
/* End PBXProject section */

/* Begin PBXResourcesBuildPhase section */
		9C159E302703ECE70023B704 /* Resources */ = {
			isa = PBXResourcesBuildPhase;
			buildActionMask = 2147483647;
			files = (
				9C159E452703ECE80023B704 /* LaunchScreen.storyboard in Resources */,
				9C159E422703ECE80023B704 /* Assets.xcassets in Resources */,
			);
			runOnlyForDeploymentPostprocessing = 0;
		};
/* End PBXResourcesBuildPhase section */

/* Begin PBXShellScriptBuildPhase section */
		225A473465936A1CF867BD0B /* [CP] Check Pods Manifest.lock */ = {
			isa = PBXShellScriptBuildPhase;
			buildActionMask = 2147483647;
			files = (
			);
			inputFileListPaths = (
			);
			inputPaths = (
				"${PODS_PODFILE_DIR_PATH}/Podfile.lock",
				"${PODS_ROOT}/Manifest.lock",
			);
			name = "[CP] Check Pods Manifest.lock";
			outputFileListPaths = (
			);
			outputPaths = (
				"$(DERIVED_FILE_DIR)/Pods-GMOpenSSL (OCDemo)-checkManifestLockResult.txt",
			);
			runOnlyForDeploymentPostprocessing = 0;
			shellPath = /bin/sh;
			shellScript = "diff \"${PODS_PODFILE_DIR_PATH}/Podfile.lock\" \"${PODS_ROOT}/Manifest.lock\" > /dev/null\nif [ $? != 0 ] ; then\n    # print error to STDERR\n    echo \"error: The sandbox is not in sync with the Podfile.lock. Run 'pod install' or update your CocoaPods installation.\" >&2\n    exit 1\nfi\n# This output is used by Xcode 'outputs' to avoid re-running this script phase.\necho \"SUCCESS\" > \"${SCRIPT_OUTPUT_FILE_0}\"\n";
			showEnvVarsInLog = 0;
		};
/* End PBXShellScriptBuildPhase section */

/* Begin PBXSourcesBuildPhase section */
		9C159E2E2703ECE70023B704 /* Sources */ = {
			isa = PBXSourcesBuildPhase;
			buildActionMask = 2147483647;
			files = (
				9C159E372703ECE70023B704 /* AppDelegate.m in Sources */,
				9C159E502703EDB90023B704 /* GMViewController.m in Sources */,
				9C159E482703ECE80023B704 /* main.m in Sources */,
			);
			runOnlyForDeploymentPostprocessing = 0;
		};
/* End PBXSourcesBuildPhase section */

/* Begin PBXVariantGroup section */
		9C159E432703ECE80023B704 /* LaunchScreen.storyboard */ = {
			isa = PBXVariantGroup;
			children = (
				9C159E442703ECE80023B704 /* Base */,
			);
			name = LaunchScreen.storyboard;
			sourceTree = "<group>";
		};
/* End PBXVariantGroup section */

/* Begin XCBuildConfiguration section */
		9C159E492703ECE80023B704 /* Debug */ = {
			isa = XCBuildConfiguration;
			buildSettings = {
				ALWAYS_SEARCH_USER_PATHS = NO;
				CLANG_ANALYZER_NONNULL = YES;
				CLANG_ANALYZER_NUMBER_OBJECT_CONVERSION = YES_AGGRESSIVE;
				CLANG_CXX_LANGUAGE_STANDARD = "gnu++17";
				CLANG_CXX_LIBRARY = "libc++";
				CLANG_ENABLE_MODULES = YES;
				CLANG_ENABLE_OBJC_ARC = YES;
				CLANG_ENABLE_OBJC_WEAK = YES;
				CLANG_WARN_BLOCK_CAPTURE_AUTORELEASING = YES;
				CLANG_WARN_BOOL_CONVERSION = YES;
				CLANG_WARN_COMMA = YES;
				CLANG_WARN_CONSTANT_CONVERSION = YES;
				CLANG_WARN_DEPRECATED_OBJC_IMPLEMENTATIONS = YES;
				CLANG_WARN_DIRECT_OBJC_ISA_USAGE = YES_ERROR;
				CLANG_WARN_DOCUMENTATION_COMMENTS = YES;
				CLANG_WARN_EMPTY_BODY = YES;
				CLANG_WARN_ENUM_CONVERSION = YES;
				CLANG_WARN_INFINITE_RECURSION = YES;
				CLANG_WARN_INT_CONVERSION = YES;
				CLANG_WARN_NON_LITERAL_NULL_CONVERSION = YES;
				CLANG_WARN_OBJC_IMPLICIT_RETAIN_SELF = YES;
				CLANG_WARN_OBJC_LITERAL_CONVERSION = YES;
				CLANG_WARN_OBJC_ROOT_CLASS = YES_ERROR;
				CLANG_WARN_QUOTED_INCLUDE_IN_FRAMEWORK_HEADER = YES;
				CLANG_WARN_RANGE_LOOP_ANALYSIS = YES;
				CLANG_WARN_STRICT_PROTOTYPES = YES;
				CLANG_WARN_SUSPICIOUS_MOVE = YES;
				CLANG_WARN_UNGUARDED_AVAILABILITY = YES_AGGRESSIVE;
				CLANG_WARN_UNREACHABLE_CODE = YES;
				CLANG_WARN__DUPLICATE_METHOD_MATCH = YES;
				COPY_PHASE_STRIP = NO;
				DEBUG_INFORMATION_FORMAT = dwarf;
				ENABLE_STRICT_OBJC_MSGSEND = YES;
				ENABLE_TESTABILITY = YES;
				GCC_C_LANGUAGE_STANDARD = gnu11;
				GCC_DYNAMIC_NO_PIC = NO;
				GCC_NO_COMMON_BLOCKS = YES;
				GCC_OPTIMIZATION_LEVEL = 0;
				GCC_PREPROCESSOR_DEFINITIONS = (
					"DEBUG=1",
					"$(inherited)",
				);
				GCC_WARN_64_TO_32_BIT_CONVERSION = YES;
				GCC_WARN_ABOUT_RETURN_TYPE = YES_ERROR;
				GCC_WARN_UNDECLARED_SELECTOR = YES;
				GCC_WARN_UNINITIALIZED_AUTOS = YES_AGGRESSIVE;
				GCC_WARN_UNUSED_FUNCTION = YES;
				GCC_WARN_UNUSED_VARIABLE = YES;
				IPHONEOS_DEPLOYMENT_TARGET = 9.0;
				MTL_ENABLE_DEBUG_INFO = INCLUDE_SOURCE;
				MTL_FAST_MATH = YES;
				ONLY_ACTIVE_ARCH = YES;
				SDKROOT = iphoneos;
			};
			name = Debug;
		};
		9C159E4A2703ECE80023B704 /* Release */ = {
			isa = XCBuildConfiguration;
			buildSettings = {
				ALWAYS_SEARCH_USER_PATHS = NO;
				CLANG_ANALYZER_NONNULL = YES;
				CLANG_ANALYZER_NUMBER_OBJECT_CONVERSION = YES_AGGRESSIVE;
				CLANG_CXX_LANGUAGE_STANDARD = "gnu++17";
				CLANG_CXX_LIBRARY = "libc++";
				CLANG_ENABLE_MODULES = YES;
				CLANG_ENABLE_OBJC_ARC = YES;
				CLANG_ENABLE_OBJC_WEAK = YES;
				CLANG_WARN_BLOCK_CAPTURE_AUTORELEASING = YES;
				CLANG_WARN_BOOL_CONVERSION = YES;
				CLANG_WARN_COMMA = YES;
				CLANG_WARN_CONSTANT_CONVERSION = YES;
				CLANG_WARN_DEPRECATED_OBJC_IMPLEMENTATIONS = YES;
				CLANG_WARN_DIRECT_OBJC_ISA_USAGE = YES_ERROR;
				CLANG_WARN_DOCUMENTATION_COMMENTS = YES;
				CLANG_WARN_EMPTY_BODY = YES;
				CLANG_WARN_ENUM_CONVERSION = YES;
				CLANG_WARN_INFINITE_RECURSION = YES;
				CLANG_WARN_INT_CONVERSION = YES;
				CLANG_WARN_NON_LITERAL_NULL_CONVERSION = YES;
				CLANG_WARN_OBJC_IMPLICIT_RETAIN_SELF = YES;
				CLANG_WARN_OBJC_LITERAL_CONVERSION = YES;
				CLANG_WARN_OBJC_ROOT_CLASS = YES_ERROR;
				CLANG_WARN_QUOTED_INCLUDE_IN_FRAMEWORK_HEADER = YES;
				CLANG_WARN_RANGE_LOOP_ANALYSIS = YES;
				CLANG_WARN_STRICT_PROTOTYPES = YES;
				CLANG_WARN_SUSPICIOUS_MOVE = YES;
				CLANG_WARN_UNGUARDED_AVAILABILITY = YES_AGGRESSIVE;
				CLANG_WARN_UNREACHABLE_CODE = YES;
				CLANG_WARN__DUPLICATE_METHOD_MATCH = YES;
				COPY_PHASE_STRIP = NO;
				DEBUG_INFORMATION_FORMAT = "dwarf-with-dsym";
				ENABLE_NS_ASSERTIONS = NO;
				ENABLE_STRICT_OBJC_MSGSEND = YES;
				GCC_C_LANGUAGE_STANDARD = gnu11;
				GCC_NO_COMMON_BLOCKS = YES;
				GCC_WARN_64_TO_32_BIT_CONVERSION = YES;
				GCC_WARN_ABOUT_RETURN_TYPE = YES_ERROR;
				GCC_WARN_UNDECLARED_SELECTOR = YES;
				GCC_WARN_UNINITIALIZED_AUTOS = YES_AGGRESSIVE;
				GCC_WARN_UNUSED_FUNCTION = YES;
				GCC_WARN_UNUSED_VARIABLE = YES;
				IPHONEOS_DEPLOYMENT_TARGET = 9.0;
				MTL_ENABLE_DEBUG_INFO = NO;
				MTL_FAST_MATH = YES;
				SDKROOT = iphoneos;
				VALIDATE_PRODUCT = YES;
			};
			name = Release;
		};
		9C159E4C2703ECE80023B704 /* Debug */ = {
			isa = XCBuildConfiguration;
			baseConfigurationReference = 2B488B0F93E49D05BC1291EA /* Pods-GMOpenSSL (OCDemo).debug.xcconfig */;
			buildSettings = {
				ASSETCATALOG_COMPILER_APPICON_NAME = AppIcon;
				ASSETCATALOG_COMPILER_GLOBAL_ACCENT_COLOR_NAME = AccentColor;
				CODE_SIGN_IDENTITY = "Apple Development";
				CODE_SIGN_STYLE = Automatic;
				CURRENT_PROJECT_VERSION = 1;
				DEVELOPMENT_TEAM = 9CA5KUE8T7;
				GENERATE_INFOPLIST_FILE = YES;
				INFOPLIST_FILE = "GMOpenSSLDemo/GMOpenSSLDemo-Info.plist";
				INFOPLIST_KEY_UIApplicationSupportsIndirectInputEvents = YES;
				INFOPLIST_KEY_UILaunchStoryboardName = LaunchScreen;
				INFOPLIST_KEY_UISupportedInterfaceOrientations_iPad = "UIInterfaceOrientationPortrait UIInterfaceOrientationPortraitUpsideDown UIInterfaceOrientationLandscapeLeft UIInterfaceOrientationLandscapeRight";
				INFOPLIST_KEY_UISupportedInterfaceOrientations_iPhone = "UIInterfaceOrientationPortrait UIInterfaceOrientationLandscapeLeft UIInterfaceOrientationLandscapeRight";
				LD_RUNPATH_SEARCH_PATHS = (
					"$(inherited)",
					"@executable_path/Frameworks",
				);
				MARKETING_VERSION = 1.0;
				PRODUCT_BUNDLE_IDENTIFIER = com.jinher.jingquezhili;
				PRODUCT_NAME = "$(TARGET_NAME)";
				PROVISIONING_PROFILE_SPECIFIER = "";
				SWIFT_EMIT_LOC_STRINGS = YES;
				TARGETED_DEVICE_FAMILY = "1,2";
				VALID_ARCHS = "arm64 arm64e x86_64";
			};
			name = Debug;
		};
		9C159E4D2703ECE80023B704 /* Release */ = {
			isa = XCBuildConfiguration;
			baseConfigurationReference = E7E6BD4508E4D1919063B996 /* Pods-GMOpenSSL (OCDemo).release.xcconfig */;
			buildSettings = {
				ASSETCATALOG_COMPILER_APPICON_NAME = AppIcon;
				ASSETCATALOG_COMPILER_GLOBAL_ACCENT_COLOR_NAME = AccentColor;
				CODE_SIGN_IDENTITY = "Apple Development";
				CODE_SIGN_STYLE = Automatic;
				CURRENT_PROJECT_VERSION = 1;
				DEVELOPMENT_TEAM = 9CA5KUE8T7;
				GENERATE_INFOPLIST_FILE = YES;
				INFOPLIST_FILE = "GMOpenSSLDemo/GMOpenSSLDemo-Info.plist";
				INFOPLIST_KEY_UIApplicationSupportsIndirectInputEvents = YES;
				INFOPLIST_KEY_UILaunchStoryboardName = LaunchScreen;
				INFOPLIST_KEY_UISupportedInterfaceOrientations_iPad = "UIInterfaceOrientationPortrait UIInterfaceOrientationPortraitUpsideDown UIInterfaceOrientationLandscapeLeft UIInterfaceOrientationLandscapeRight";
				INFOPLIST_KEY_UISupportedInterfaceOrientations_iPhone = "UIInterfaceOrientationPortrait UIInterfaceOrientationLandscapeLeft UIInterfaceOrientationLandscapeRight";
				LD_RUNPATH_SEARCH_PATHS = (
					"$(inherited)",
					"@executable_path/Frameworks",
				);
				MARKETING_VERSION = 1.0;
				PRODUCT_BUNDLE_IDENTIFIER = com.jinher.jingquezhili;
				PRODUCT_NAME = "$(TARGET_NAME)";
				PROVISIONING_PROFILE_SPECIFIER = "";
				SWIFT_EMIT_LOC_STRINGS = YES;
				TARGETED_DEVICE_FAMILY = "1,2";
				VALID_ARCHS = "arm64 arm64e x86_64";
			};
			name = Release;
		};
/* End XCBuildConfiguration section */

/* Begin XCConfigurationList section */
		9C159E2D2703ECE70023B704 /* Build configuration list for PBXProject "GMOpenSSL" */ = {
			isa = XCConfigurationList;
			buildConfigurations = (
				9C159E492703ECE80023B704 /* Debug */,
				9C159E4A2703ECE80023B704 /* Release */,
			);
			defaultConfigurationIsVisible = 0;
			defaultConfigurationName = Release;
		};
		9C159E4B2703ECE80023B704 /* Build configuration list for PBXNativeTarget "GMOpenSSL (OCDemo)" */ = {
			isa = XCConfigurationList;
			buildConfigurations = (
				9C159E4C2703ECE80023B704 /* Debug */,
				9C159E4D2703ECE80023B704 /* Release */,
			);
			defaultConfigurationIsVisible = 0;
			defaultConfigurationName = Release;
		};
/* End XCConfigurationList section */
	};
	rootObject = 9C159E2A2703ECE70023B704 /* Project object */;
}
